
Microsoft Visual Studio Solution File, Format Version 12.00
# Visual Studio 15
VisualStudioVersion = 15.0.28010.2036
MinimumVisualStudioVersion = 10.0.40219.1
Project("{FAE04EC0-301F-11D3-BF4B-00C04F79EFBC}") = "TestAPI", "TestAPI\TestAPI.csproj", "{46148DF7-D8F0-4BA7-B296-AB2553F96DA4}"
EndProject
Project("{FAE04EC0-301F-11D3-BF4B-00C04F79EFBC}") = "WebAPI", "WebAPI\WebAPI.csproj", "{C57A7302-92ED-4451-923D-03419CF2BADD}"
EndProject
Project("{FAE04EC0-301F-11D3-BF4B-00C04F79EFBC}") = "WebAPI.Tests", "WebAPI.Tests\WebAPI.Tests.csproj", "{D0083084-71F0-40C2-B222-F83DE007E046}"
EndProject
Global
	GlobalSection(SolutionConfigurationPlatforms) = preSolution
		Debug|Any CPU = Debug|Any CPU
		Release|Any CPU = Release|Any CPU
	EndGlobalSection
	GlobalSection(ProjectConfigurationPlatforms) = postSolution
		{46148DF7-D8F0-4BA7-B296-AB2553F96DA4}.Debug|Any CPU.ActiveCfg = Debug|Any CPU
		{46148DF7-D8F0-4BA7-B296-AB2553F96DA4}.Debug|Any CPU.Build.0 = Debug|Any CPU
		{46148DF7-D8F0-4BA7-B296-AB2553F96DA4}.Release|Any CPU.ActiveCfg = Release|Any CPU
		{46148DF7-D8F0-4BA7-B296-AB2553F96DA4}.Release|Any CPU.Build.0 = Release|Any CPU
		{C57A7302-92ED-4451-923D-03419CF2BADD}.Debug|Any CPU.ActiveCfg = Debug|Any CPU
		{C57A7302-92ED-4451-923D-03419CF2BADD}.Debug|Any CPU.Build.0 = Debug|Any CPU
		{C57A7302-92ED-4451-923D-03419CF2BADD}.Release|Any CPU.ActiveCfg = Release|Any CPU
		{C57A7302-92ED-4451-923D-03419CF2BADD}.Release|Any CPU.Build.0 = Release|Any CPU
		{D0083084-71F0-40C2-B222-F83DE007E046}.Debug|Any CPU.ActiveCfg = Debug|Any CPU
		{D0083084-71F0-40C2-B222-F83DE007E046}.Debug|Any CPU.Build.0 = Debug|Any CPU
		{D0083084-71F0-40C2-B222-F83DE007E046}.Release|Any CPU.ActiveCfg = Release|Any CPU
		{D0083084-71F0-40C2-B222-F83DE007E046}.Release|Any CPU.Build.0 = Release|Any CPU
	EndGlobalSection
	GlobalSection(SolutionProperties) = preSolution
		HideSolutionNode = FALSE
	EndGlobalSection
	GlobalSection(ExtensibilityGlobals) = postSolution
		SolutionGuid = {BC368D39-7DC2-477A-AF07-24E835DB6081}
	EndGlobalSection
EndGlobal
